// !$*UTF8*$!
{
	archiveVersion = 1;
	classes = {
	};
	objectVersion = 77;
	objects = {

/* Begin PBXContainerItemProxy section */
		6B5FAE132F3FD7E3006B1D0D /* PBXContainerItemProxy */ = {
			isa = PBXContainerItemProxy;
			containerPortal = 6B5FADF92F3FD7E1006B1D0D /* Project object */;
			proxyType = 1;
			remoteGlobalIDString = 6B5FAE002F3FD7E1006B1D0D;
			remoteInfo = "Little Artist";
		};
		6B5FAE1D2F3FD7E3006B1D0D /* PBXContainerItemProxy */ = {
			isa = PBXContainerItemProxy;
			containerPortal = 6B5FADF92F3FD7E1006B1D0D /* Project object */;
			proxyType = 1;
			remoteGlobalIDString = 6B5FAE002F3FD7E1006B1D0D;
			remoteInfo = "Little Artist";
		};
/* End PBXContainerItemProxy section */

/* Begin PBXFileReference section */
		6B5FAE012F3FD7E1006B1D0D /* Little Artist.app */ = {isa = PBXFileReference; explicitFileType = wrapper.application; includeInIndex = 0; path = "Little Artist.app"; sourceTree = BUILT_PRODUCTS_DIR; };
		6B5FAE122F3FD7E3006B1D0D /* Little ArtistTests.xctest */ = {isa = PBXFileReference; explicitFileType = wrapper.cfbundle; includeInIndex = 0; path = "Little ArtistTests.xctest"; sourceTree = BUILT_PRODUCTS_DIR; };
		6B5FAE1C2F3FD7E3006B1D0D /* Little ArtistUITests.xctest */ = {isa = PBXFileReference; explicitFileType = wrapper.cfbundle; includeInIndex = 0; path = "Little ArtistUITests.xctest"; sourceTree = BUILT_PRODUCTS_DIR; };
/* End PBXFileReference section */

/* Begin PBXFileSystemSynchronizedBuildFileExceptionSet section */
		6B5FAE242F3FD7E3006B1D0D /* Exceptions for "Little Artist" folder in "Little Artist" target */ = {
			isa = PBXFileSystemSynchronizedBuildFileExceptionSet;
			membershipExceptions = (
				Info.plist,
			);
			target = 6B5FAE002F3FD7E1006B1D0D /* Little Artist */;
		};
/* End PBXFileSystemSynchronizedBuildFileExceptionSet section */

/* Begin PBXFileSystemSynchronizedRootGroup section */
		6B5FAE032F3FD7E1006B1D0D /* Little Artist */ = {
			isa = PBXFileSystemSynchronizedRootGroup;
			exceptions = (
				6B5FAE242F3FD7E3006B1D0D /* Exceptions for "Little Artist" folder in "Little Artist" target */,
			);
			path = "Little Artist";
			sourceTree = "<group>";
		};
		6B5FAE152F3FD7E3006B1D0D /* Little ArtistTests */ = {
			isa = PBXFileSystemSynchronizedRootGroup;
			path = "Little ArtistTests";
			sourceTree = "<group>";
		};
		6B5FAE1F2F3FD7E3006B1D0D /* Little ArtistUITests */ = {
			isa = PBXFileSystemSynchronizedRootGroup;
			path = "Little ArtistUITests";
			sourceTree = "<group>";
		};
/* End PBXFileSystemSynchronizedRootGroup section */

/* Begin PBXFrameworksBuildPhase section */
		6B5FADFE2F3FD7E1006B1D0D /* Frameworks */ = {
			isa = PBXFrameworksBuildPhase;
			buildActionMask = 2147483647;
			files = (
			);
			runOnlyForDeploymentPostprocessing = 0;
		};
		6B5FAE0F2F3FD7E3006B1D0D /* Frameworks */ = {
			isa = PBXFrameworksBuildPhase;
			buildActionMask = 2147483647;
			files = (
			);
			runOnlyForDeploymentPostprocessing = 0;
		};
		6B5FAE192F3FD7E3006B1D0D /* Frameworks */ = {
			isa = PBXFrameworksBuildPhase;
			buildActionMask = 2147483647;
			files = (
			);
			runOnlyForDeploymentPostprocessing = 0;
		};
/* End PBXFrameworksBuildPhase section */

/* Begin PBXGroup section */
		6B5FADF82F3FD7E1006B1D0D = {
			isa = PBXGroup;
			children = (
				6B5FAE032F3FD7E1006B1D0D /* Little Artist */,
				6B5FAE152F3FD7E3006B1D0D /* Little ArtistTests */,
				6B5FAE1F2F3FD7E3006B1D0D /* Little ArtistUITests */,
				6B5FAE022F3FD7E1006B1D0D /* Products */,
			);
			sourceTree = "<group>";
		};
		6B5FAE022F3FD7E1006B1D0D /* Products */ = {
			isa = PBXGroup;
			children = (
				6B5FAE012F3FD7E1006B1D0D /* Little Artist.app */,
				6B5FAE122F3FD7E3006B1D0D /* Little ArtistTests.xctest */,
				6B5FAE1C2F3FD7E3006B1D0D /* Little ArtistUITests.xctest */,
			);
			name = Products;
			sourceTree = "<group>";
		};
/* End PBXGroup section */

/* Begin PBXNativeTarget section */
		6B5FAE002F3FD7E1006B1D0D /* Little Artist */ = {
			isa = PBXNativeTarget;
			buildConfigurationList = 6B5FAE252F3FD7E3006B1D0D /* Build configuration list for PBXNativeTarget "Little Artist" */;
			buildPhases = (
				6B5FADFD2F3FD7E1006B1D0D /* Sources */,
				6B5FADFE2F3FD7E1006B1D0D /* Frameworks */,
				6B5FADFF2F3FD7E1006B1D0D /* Resources */,
			);
			buildRules = (
			);
			dependencies = (
			);
			fileSystemSynchronizedGroups = (
				6B5FAE032F3FD7E1006B1D0D /* Little Artist */,
			);
			name = "Little Artist";
			packageProductDependencies = (
			);
			productName = "Little Artist";
			productReference = 6B5FAE012F3FD7E1006B1D0D /* Little Artist.app */;
			productType = "com.apple.product-type.application";
		};
		6B5FAE112F3FD7E3006B1D0D /* Little ArtistTests */ = {
			isa = PBXNativeTarget;
			buildConfigurationList = 6B5FAE2A2F3FD7E3006B1D0D /* Build configuration list for PBXNativeTarget "Little ArtistTests" */;
			buildPhases = (
				6B5FAE0E2F3FD7E3006B1D0D /* Sources */,
				6B5FAE0F2F3FD7E3006B1D0D /* Frameworks */,
				6B5FAE102F3FD7E3006B1D0D /* Resources */,
			);
			buildRules = (
			);
			dependencies = (
				6B5FAE142F3FD7E3006B1D0D /* PBXTargetDependency */,
			);
			fileSystemSynchronizedGroups = (
				6B5FAE152F3FD7E3006B1D0D /* Little ArtistTests */,
			);
			name = "Little ArtistTests";
			packageProductDependencies = (
			);
			productName = "Little ArtistTests";
			productReference = 6B5FAE122F3FD7E3006B1D0D /* Little ArtistTests.xctest */;
			productType = "com.apple.product-type.bundle.unit-test";
		};
		6B5FAE1B2F3FD7E3006B1D0D /* Little ArtistUITests */ = {
			isa = PBXNativeTarget;
			buildConfigurationList = 6B5FAE2D2F3FD7E3006B1D0D /* Build configuration list for PBXNativeTarget "Little ArtistUITests" */;
			buildPhases = (
				6B5FAE182F3FD7E3006B1D0D /* Sources */,
				6B5FAE192F3FD7E3006B1D0D /* Frameworks */,
				6B5FAE1A2F3FD7E3006B1D0D /* Resources */,
			);
			buildRules = (
			);
			dependencies = (
				6B5FAE1E2F3FD7E3006B1D0D /* PBXTargetDependency */,
			);
			fileSystemSynchronizedGroups = (
				6B5FAE1F2F3FD7E3006B1D0D /* Little ArtistUITests */,
			);
			name = "Little ArtistUITests";
			packageProductDependencies = (
			);
			productName = "Little ArtistUITests";
			productReference = 6B5FAE1C2F3FD7E3006B1D0D /* Little ArtistUITests.xctest */;
			productType = "com.apple.product-type.bundle.ui-testing";
		};
/* End PBXNativeTarget section */

/* Begin PBXProject section */
		6B5FADF92F3FD7E1006B1D0D /* Project object */ = {
			isa = PBXProject;
			attributes = {
				BuildIndependentTargetsInParallel = 1;
				LastSwiftUpdateCheck = 2630;
				LastUpgradeCheck = 2630;
				TargetAttributes = {
					6B5FAE002F3FD7E1006B1D0D = {
						CreatedOnToolsVersion = 26.3;
					};
					6B5FAE112F3FD7E3006B1D0D = {
						CreatedOnToolsVersion = 26.3;
						TestTargetID = 6B5FAE002F3FD7E1006B1D0D;
					};
					6B5FAE1B2F3FD7E3006B1D0D = {
						CreatedOnToolsVersion = 26.3;
						TestTargetID = 6B5FAE002F3FD7E1006B1D0D;
					};
				};
			};
			buildConfigurationList = 6B5FADFC2F3FD7E1006B1D0D /* Build configuration list for PBXProject "Little Artist" */;
			developmentRegion = en;
			hasScannedForEncodings = 0;
			knownRegions = (
				en,
				Base,
			);
			mainGroup = 6B5FADF82F3FD7E1006B1D0D;
			minimizedProjectReferenceProxies = 1;
			preferredProjectObjectVersion = 77;
			productRefGroup = 6B5FAE022F3FD7E1006B1D0D /* Products */;
			projectDirPath = "";
			projectRoot = "";
			targets = (
				6B5FAE002F3FD7E1006B1D0D /* Little Artist */,
				6B5FAE112F3FD7E3006B1D0D /* Little ArtistTests */,
				6B5FAE1B2F3FD7E3006B1D0D /* Little ArtistUITests */,
			);
		};
/* End PBXProject section */

/* Begin PBXResourcesBuildPhase section */
		6B5FADFF2F3FD7E1006B1D0D /* Resources */ = {
			isa = PBXResourcesBuildPhase;
			buildActionMask = 2147483647;
			files = (
			);
			runOnlyForDeploymentPostprocessing = 0;
		};
		6B5FAE102F3FD7E3006B1D0D /* Resources */ = {
			isa = PBXResourcesBuildPhase;
			buildActionMask = 2147483647;
			files = (
			);
			runOnlyForDeploymentPostprocessing = 0;
		};
		6B5FAE1A2F3FD7E3006B1D0D /* Resources */ = {
			isa = PBXResourcesBuildPhase;
			buildActionMask = 2147483647;
			files = (
			);
			runOnlyForDeploymentPostprocessing = 0;
		};
/* End PBXResourcesBuildPhase section */

/* Begin PBXSourcesBuildPhase section */
		6B5FADFD2F3FD7E1006B1D0D /* Sources */ = {
			isa = PBXSourcesBuildPhase;
			buildActionMask = 2147483647;
			files = (
			);
			runOnlyForDeploymentPostprocessing = 0;
		};
		6B5FAE0E2F3FD7E3006B1D0D /* Sources */ = {
			isa = PBXSourcesBuildPhase;
			buildActionMask = 2147483647;
			files = (
			);
			runOnlyForDeploymentPostprocessing = 0;
		};
		6B5FAE182F3FD7E3006B1D0D /* Sources */ = {
			isa = PBXSourcesBuildPhase;
			buildActionMask = 2147483647;
			files = (
			);
			runOnlyForDeploymentPostprocessing = 0;
		};
/* End PBXSourcesBuildPhase section */

/* Begin PBXTargetDependency section */
		6B5FAE142F3FD7E3006B1D0D /* PBXTargetDependency */ = {
			isa = PBXTargetDependency;
			target = 6B5FAE002F3FD7E1006B1D0D /* Little Artist */;
			targetProxy = 6B5FAE132F3FD7E3006B1D0D /* PBXContainerItemProxy */;
		};
		6B5FAE1E2F3FD7E3006B1D0D /* PBXTargetDependency */ = {
			isa = PBXTargetDependency;
			target = 6B5FAE002F3FD7E1006B1D0D /* Little Artist */;
			targetProxy = 6B5FAE1D2F3FD7E3006B1D0D /* PBXContainerItemProxy */;
		};
/* End PBXTargetDependency section */

/* Begin XCBuildConfiguration section */
		6B5FAE262F3FD7E3006B1D0D /* Debug */ = {
			isa = XCBuildConfiguration;
			buildSettings = {
				ASSETCATALOG_COMPILER_APPICON_NAME = AppIcon;
				ASSETCATALOG_COMPILER_GLOBAL_ACCENT_COLOR_NAME = AccentColor;
				CODE_SIGN_ENTITLEMENTS = "Little Artist/Little_Artist.entitlements";
				CODE_SIGN_STYLE = Automatic;
				CURRENT_PROJECT_VERSION = 12;
				DEVELOPMENT_TEAM = K6623R3GP5;
				ENABLE_PREVIEWS = YES;
				GENERATE_INFOPLIST_FILE = YES;
				INFOPLIST_FILE = "Little Artist/Info.plist";
				INFOPLIST_KEY_UIApplicationSceneManifest_Generation = YES;
				INFOPLIST_KEY_UIApplicationSupportsIndirectInputEvents = YES;
				INFOPLIST_KEY_UILaunchScreen_Generation = YES;
				INFOPLIST_KEY_UISupportedInterfaceOrientations_iPad = "UIInterfaceOrientationPortrait UIInterfaceOrientationPortraitUpsideDown UIInterfaceOrientationLandscapeLeft UIInterfaceOrientationLandscapeRight";
				INFOPLIST_KEY_UISupportedInterfaceOrientations_iPhone = "UIInterfaceOrientationPortrait UIInterfaceOrientationLandscapeLeft UIInterfaceOrientationLandscapeRight";
				LD_RUNPATH_SEARCH_PATHS = (
					"$(inherited)",
					"@executable_path/Frameworks",
				);
				MARKETING_VERSION = 1.0;
				PRODUCT_BUNDLE_IDENTIFIER = "uk.co.flutterly.Little-Artist";
				PRODUCT_NAME = "$(TARGET_NAME)";
				STRING_CATALOG_GENERATE_SYMBOLS = YES;
				SWIFT_APPROACHABLE_CONCURRENCY = YES;
				SWIFT_DEFAULT_ACTOR_ISOLATION = MainActor;
				SWIFT_EMIT_LOC_STRINGS = YES;
				SWIFT_UPCOMING_FEATURE_MEMBER_IMPORT_VISIBILITY = YES;
				SWIFT_VERSION = 5.0;
				TARGETED_DEVICE_FAMILY = "1,2";
			};
			name = Debug;
		};
		6B5FAE272F3FD7E3006B1D0D /* Release */ = {
			isa = XCBuildConfiguration;
			buildSettings = {
				ASSETCATALOG_COMPILER_APPICON_NAME = AppIcon;
				ASSETCATALOG_COMPILER_GLOBAL_ACCENT_COLOR_NAME = AccentColor;
				CODE_SIGN_ENTITLEMENTS = "Little Artist/Little_Artist.entitlements";
				CODE_SIGN_STYLE = Automatic;
				CURRENT_PROJECT_VERSION = 12;
				DEVELOPMENT_TEAM = K6623R3GP5;
				ENABLE_PREVIEWS = YES;
				GENERATE_INFOPLIST_FILE = YES;
				INFOPLIST_FILE = "Little Artist/Info.plist";
				INFOPLIST_KEY_UIApplicationSceneManifest_Generation = YES;
				INFOPLIST_KEY_UIApplicationSupportsIndirectInputEvents = YES;
				INFOPLIST_KEY_UILaunchScreen_Generation = YES;
				INFOPLIST_KEY_UISupportedInterfaceOrientations_iPad = "UIInterfaceOrientationPortrait UIInterfaceOrientationPortraitUpsideDown UIInterfaceOrientationLandscapeLeft UIInterfaceOrientationLandscapeRight";
				INFOPLIST_KEY_UISupportedInterfaceOrientations_iPhone = "UIInterfaceOrientationPortrait UIInterfaceOrientationLandscapeLeft UIInterfaceOrientationLandscapeRight";
				LD_RUNPATH_SEARCH_PATHS = (
					"$(inherited)",
					"@executable_path/Frameworks",
				);
				MARKETING_VERSION = 1.0;
				PRODUCT_BUNDLE_IDENTIFIER = "uk.co.flutterly.Little-Artist";
				PRODUCT_NAME = "$(TARGET_NAME)";
				STRING_CATALOG_GENERATE_SYMBOLS = YES;
				SWIFT_APPROACHABLE_CONCURRENCY = YES;
				SWIFT_DEFAULT_ACTOR_ISOLATION = MainActor;
				SWIFT_EMIT_LOC_STRINGS = YES;
				SWIFT_UPCOMING_FEATURE_MEMBER_IMPORT_VISIBILITY = YES;
				SWIFT_VERSION = 5.0;
				TARGETED_DEVICE_FAMILY = "1,2";
			};
			name = Release;
		};
		6B5FAE282F3FD7E3006B1D0D /* Debug */ = {
			isa = XCBuildConfiguration;
			buildSettings = {
				ALWAYS_SEARCH_USER_PATHS = NO;
				ASSETCATALOG_COMPILER_GENERATE_SWIFT_ASSET_SYMBOL_EXTENSIONS = YES;
				CLANG_ANALYZER_NONNULL = YES;
				CLANG_ANALYZER_NUMBER_OBJECT_CONVERSION = YES_AGGRESSIVE;
				CLANG_CXX_LANGUAGE_STANDARD = "gnu++20";
				CLANG_ENABLE_MODULES = YES;
				CLANG_ENABLE_OBJC_ARC = YES;
				CLANG_ENABLE_OBJC_WEAK = YES;
				CLANG_WARN_BLOCK_CAPTURE_AUTORELEASING = YES;
				CLANG_WARN_BOOL_CONVERSION = YES;
				CLANG_WARN_COMMA = YES;
				CLANG_WARN_CONSTANT_CONVERSION = YES;
				CLANG_WARN_DEPRECATED_OBJC_IMPLEMENTATIONS = YES;
				CLANG_WARN_DIRECT_OBJC_ISA_USAGE = YES_ERROR;
				CLANG_WARN_DOCUMENTATION_COMMENTS = YES;
				CLANG_WARN_EMPTY_BODY = YES;
				CLANG_WARN_ENUM_CONVERSION = YES;
				CLANG_WARN_INFINITE_RECURSION = YES;
				CLANG_WARN_INT_CONVERSION = YES;
				CLANG_WARN_NON_LITERAL_NULL_CONVERSION = YES;
				CLANG_WARN_OBJC_IMPLICIT_RETAIN_SELF = YES;
				CLANG_WARN_OBJC_LITERAL_CONVERSION = YES;
				CLANG_WARN_OBJC_ROOT_CLASS = YES_ERROR;
				CLANG_WARN_QUOTED_INCLUDE_IN_FRAMEWORK_HEADER = YES;
				CLANG_WARN_RANGE_LOOP_ANALYSIS = YES;
				CLANG_WARN_STRICT_PROTOTYPES = YES;
				CLANG_WARN_SUSPICIOUS_MOVE = YES;
				CLANG_WARN_UNGUARDED_AVAILABILITY = YES_AGGRESSIVE;
				CLANG_WARN_UNREACHABLE_CODE = YES;
				CLANG_WARN__DUPLICATE_METHOD_MATCH = YES;
				COPY_PHASE_STRIP = NO;
				DEBUG_INFORMATION_FORMAT = dwarf;
				DEVELOPMENT_TEAM = K6623R3GP5;
				ENABLE_STRICT_OBJC_MSGSEND = YES;
				ENABLE_TESTABILITY = YES;
				ENABLE_USER_SCRIPT_SANDBOXING = YES;
				GCC_C_LANGUAGE_STANDARD = gnu17;
				GCC_DYNAMIC_NO_PIC = NO;
				GCC_NO_COMMON_BLOCKS = YES;
				GCC_OPTIMIZATION_LEVEL = 0;
				GCC_PREPROCESSOR_DEFINITIONS = (
					"DEBUG=1",
					"$(inherited)",
				);
				GCC_WARN_64_TO_32_BIT_CONVERSION = YES;
				GCC_WARN_ABOUT_RETURN_TYPE = YES_ERROR;
				GCC_WARN_UNDECLARED_SELECTOR = YES;
				GCC_WARN_UNINITIALIZED_AUTOS = YES_AGGRESSIVE;
				GCC_WARN_UNUSED_FUNCTION = YES;
				GCC_WARN_UNUSED_VARIABLE = YES;
				IPHONEOS_DEPLOYMENT_TARGET = 26.2;
				LOCALIZATION_PREFERS_STRING_CATALOGS = YES;
				MTL_ENABLE_DEBUG_INFO = INCLUDE_SOURCE;
				MTL_FAST_MATH = YES;
				ONLY_ACTIVE_ARCH = YES;
				SDKROOT = iphoneos;
				SWIFT_ACTIVE_COMPILATION_CONDITIONS = "DEBUG $(inherited)";
				SWIFT_OPTIMIZATION_LEVEL = "-Onone";
			};
			name = Debug;
		};
		6B5FAE292F3FD7E3006B1D0D /* Release */ = {
			isa = XCBuildConfiguration;
			buildSettings = {
				ALWAYS_SEARCH_USER_PATHS = NO;
				ASSETCATALOG_COMPILER_GENERATE_SWIFT_ASSET_SYMBOL_EXTENSIONS = YES;
				CLANG_ANALYZER_NONNULL = YES;
				CLANG_ANALYZER_NUMBER_OBJECT_CONVERSION = YES_AGGRESSIVE;
				CLANG_CXX_LANGUAGE_STANDARD = "gnu++20";
				CLANG_ENABLE_MODULES = YES;
				CLANG_ENABLE_OBJC_ARC = YES;
				CLANG_ENABLE_OBJC_WEAK = YES;
				CLANG_WARN_BLOCK_CAPTURE_AUTORELEASING = YES;
				CLANG_WARN_BOOL_CONVERSION = YES;
				CLANG_WARN_COMMA = YES;
				CLANG_WARN_CONSTANT_CONVERSION = YES;
				CLANG_WARN_DEPRECATED_OBJC_IMPLEMENTATIONS = YES;
				CLANG_WARN_DIRECT_OBJC_ISA_USAGE = YES_ERROR;
				CLANG_WARN_DOCUMENTATION_COMMENTS = YES;
				CLANG_WARN_EMPTY_BODY = YES;
				CLANG_WARN_ENUM_CONVERSION = YES;
				CLANG_WARN_INFINITE_RECURSION = YES;
				CLANG_WARN_INT_CONVERSION = YES;
				CLANG_WARN_NON_LITERAL_NULL_CONVERSION = YES;
				CLANG_WARN_OBJC_IMPLICIT_RETAIN_SELF = YES;
				CLANG_WARN_OBJC_LITERAL_CONVERSION = YES;
				CLANG_WARN_OBJC_ROOT_CLASS = YES_ERROR;
				CLANG_WARN_QUOTED_INCLUDE_IN_FRAMEWORK_HEADER = YES;
				CLANG_WARN_RANGE_LOOP_ANALYSIS = YES;
				CLANG_WARN_STRICT_PROTOTYPES = YES;
				CLANG_WARN_SUSPICIOUS_MOVE = YES;
				CLANG_WARN_UNGUARDED_AVAILABILITY = YES_AGGRESSIVE;
				CLANG_WARN_UNREACHABLE_CODE = YES;
				CLANG_WARN__DUPLICATE_METHOD_MATCH = YES;
				COPY_PHASE_STRIP = NO;
				DEBUG_INFORMATION_FORMAT = "dwarf-with-dsym";
				DEVELOPMENT_TEAM = K6623R3GP5;
				ENABLE_NS_ASSERTIONS = NO;
				ENABLE_STRICT_OBJC_MSGSEND = YES;
				ENABLE_USER_SCRIPT_SANDBOXING = YES;
				GCC_C_LANGUAGE_STANDARD = gnu17;
				GCC_NO_COMMON_BLOCKS = YES;
				GCC_WARN_64_TO_32_BIT_CONVERSION = YES;
				GCC_WARN_ABOUT_RETURN_TYPE = YES_ERROR;
				GCC_WARN_UNDECLARED_SELECTOR = YES;
				GCC_WARN_UNINITIALIZED_AUTOS = YES_AGGRESSIVE;
				GCC_WARN_UNUSED_FUNCTION = YES;
				GCC_WARN_UNUSED_VARIABLE = YES;
				IPHONEOS_DEPLOYMENT_TARGET = 26.2;
				LOCALIZATION_PREFERS_STRING_CATALOGS = YES;
				MTL_ENABLE_DEBUG_INFO = NO;
				MTL_FAST_MATH = YES;
				SDKROOT = iphoneos;
				SWIFT_COMPILATION_MODE = wholemodule;
				VALIDATE_PRODUCT = YES;
			};
			name = Release;
		};
		6B5FAE2B2F3FD7E3006B1D0D /* Debug */ = {
			isa = XCBuildConfiguration;
			buildSettings = {
				BUNDLE_LOADER = "$(TEST_HOST)";
				CODE_SIGN_STYLE = Automatic;
				CURRENT_PROJECT_VERSION = 12;
				DEVELOPMENT_TEAM = K6623R3GP5;
				GENERATE_INFOPLIST_FILE = YES;
				IPHONEOS_DEPLOYMENT_TARGET = 26.2;
				MARKETING_VERSION = 1.0;
				PRODUCT_BUNDLE_IDENTIFIER = "uk.co.flutterly.Little-ArtistTests";
				PRODUCT_NAME = "$(TARGET_NAME)";
				STRING_CATALOG_GENERATE_SYMBOLS = NO;
				SWIFT_APPROACHABLE_CONCURRENCY = YES;
				SWIFT_EMIT_LOC_STRINGS = NO;
				SWIFT_UPCOMING_FEATURE_MEMBER_IMPORT_VISIBILITY = YES;
				SWIFT_VERSION = 5.0;
				TARGETED_DEVICE_FAMILY = "1,2";
				TEST_HOST = "$(BUILT_PRODUCTS_DIR)/Little Artist.app/$(BUNDLE_EXECUTABLE_FOLDER_PATH)/Little Artist";
			};
			name = Debug;
		};
		6B5FAE2C2F3FD7E3006B1D0D /* Release */ = {
			isa = XCBuildConfiguration;
			buildSettings = {
				BUNDLE_LOADER = "$(TEST_HOST)";
				CODE_SIGN_STYLE = Automatic;
				CURRENT_PROJECT_VERSION = 12;
				DEVELOPMENT_TEAM = K6623R3GP5;
				GENERATE_INFOPLIST_FILE = YES;
				IPHONEOS_DEPLOYMENT_TARGET = 26.2;
				MARKETING_VERSION = 1.0;
				PRODUCT_BUNDLE_IDENTIFIER = "uk.co.flutterly.Little-ArtistTests";
				PRODUCT_NAME = "$(TARGET_NAME)";
				STRING_CATALOG_GENERATE_SYMBOLS = NO;
				SWIFT_APPROACHABLE_CONCURRENCY = YES;
				SWIFT_EMIT_LOC_STRINGS = NO;
				SWIFT_UPCOMING_FEATURE_MEMBER_IMPORT_VISIBILITY = YES;
				SWIFT_VERSION = 5.0;
				TARGETED_DEVICE_FAMILY = "1,2";
				TEST_HOST = "$(BUILT_PRODUCTS_DIR)/Little Artist.app/$(BUNDLE_EXECUTABLE_FOLDER_PATH)/Little Artist";
			};
			name = Release;
		};
		6B5FAE2E2F3FD7E3006B1D0D /* Debug */ = {
			isa = XCBuildConfiguration;
			buildSettings = {
				CODE_SIGN_STYLE = Automatic;
				CURRENT_PROJECT_VERSION = 12;
				DEVELOPMENT_TEAM = K6623R3GP5;
				GENERATE_INFOPLIST_FILE = YES;
				MARKETING_VERSION = 1.0;
				PRODUCT_BUNDLE_IDENTIFIER = "uk.co.flutterly.Little-ArtistUITests";
				PRODUCT_NAME = "$(TARGET_NAME)";
				STRING_CATALOG_GENERATE_SYMBOLS = NO;
				SWIFT_APPROACHABLE_CONCURRENCY = YES;
				SWIFT_EMIT_LOC_STRINGS = NO;
				SWIFT_UPCOMING_FEATURE_MEMBER_IMPORT_VISIBILITY = YES;
				SWIFT_VERSION = 5.0;
				TARGETED_DEVICE_FAMILY = "1,2";
				TEST_TARGET_NAME = "Little Artist";
			};
			name = Debug;
		};
		6B5FAE2F2F3FD7E3006B1D0D /* Release */ = {
			isa = XCBuildConfiguration;
			buildSettings = {
				CODE_SIGN_STYLE = Automatic;
				CURRENT_PROJECT_VERSION = 12;
				DEVELOPMENT_TEAM = K6623R3GP5;
				GENERATE_INFOPLIST_FILE = YES;
				MARKETING_VERSION = 1.0;
				PRODUCT_BUNDLE_IDENTIFIER = "uk.co.flutterly.Little-ArtistUITests";
				PRODUCT_NAME = "$(TARGET_NAME)";
				STRING_CATALOG_GENERATE_SYMBOLS = NO;
				SWIFT_APPROACHABLE_CONCURRENCY = YES;
				SWIFT_EMIT_LOC_STRINGS = NO;
				SWIFT_UPCOMING_FEATURE_MEMBER_IMPORT_VISIBILITY = YES;
				SWIFT_VERSION = 5.0;
				TARGETED_DEVICE_FAMILY = "1,2";
				TEST_TARGET_NAME = "Little Artist";
			};
			name = Release;
		};
/* End XCBuildConfiguration section */

/* Begin XCConfigurationList section */
		6B5FADFC2F3FD7E1006B1D0D /* Build configuration list for PBXProject "Little Artist" */ = {
			isa = XCConfigurationList;
			buildConfigurations = (
				6B5FAE282F3FD7E3006B1D0D /* Debug */,
				6B5FAE292F3FD7E3006B1D0D /* Release */,
			);
			defaultConfigurationIsVisible = 0;
			defaultConfigurationName = Release;
		};
		6B5FAE252F3FD7E3006B1D0D /* Build configuration list for PBXNativeTarget "Little Artist" */ = {
			isa = XCConfigurationList;
			buildConfigurations = (
				6B5FAE262F3FD7E3006B1D0D /* Debug */,
				6B5FAE272F3FD7E3006B1D0D /* Release */,
			);
			defaultConfigurationIsVisible = 0;
			defaultConfigurationName = Release;
		};
		6B5FAE2A2F3FD7E3006B1D0D /* Build configuration list for PBXNativeTarget "Little ArtistTests" */ = {
			isa = XCConfigurationList;
			buildConfigurations = (
				6B5FAE2B2F3FD7E3006B1D0D /* Debug */,
				6B5FAE2C2F3FD7E3006B1D0D /* Release */,
			);
			defaultConfigurationIsVisible = 0;
			defaultConfigurationName = Release;
		};
		6B5FAE2D2F3FD7E3006B1D0D /* Build configuration list for PBXNativeTarget "Little ArtistUITests" */ = {
			isa = XCConfigurationList;
			buildConfigurations = (
				6B5FAE2E2F3FD7E3006B1D0D /* Debug */,
				6B5FAE2F2F3FD7E3006B1D0D /* Release */,
			);
			defaultConfigurationIsVisible = 0;
			defaultConfigurationName = Release;
		};
/* End XCConfigurationList section */
	};
	rootObject = 6B5FADF92F3FD7E1006B1D0D /* Project object */;
}
